
Microsoft Visual Studio Solution File, Format Version 12.00
# Visual Studio 15
VisualStudioVersion = 15.0.26124.0
MinimumVisualStudioVersion = 15.0.26124.0
Project("{2150E333-8FDC-42A3-9474-1A3956D46DE8}") = "src", "src", "{C53C800D-EBCB-4DCC-B84E-AA206FC5E930}"
EndProject
Project("{FAE04EC0-301F-11D3-BF4B-00C04F79EFBC}") = "Bunnypro.GeneticAlgorithm.Core", "src\Core\Bunnypro.GeneticAlgorithm.Core.csproj", "{A79EED19-4290-49D1-A90A-AA397B3C8A2A}"
EndProject
Project("{2150E333-8FDC-42A3-9474-1A3956D46DE8}") = "tests", "tests", "{CA9A30C4-0141-4953-B794-53761C7EF6B1}"
EndProject
Project("{FAE04EC0-301F-11D3-BF4B-00C04F79EFBC}") = "Bunnypro.GeneticAlgorithm.Core.Test", "tests\Core.Test\Bunnypro.GeneticAlgorithm.Core.Test.csproj", "{53351164-C114-46C6-8C24-A2E3F20062B6}"
EndProject
Project("{FAE04EC0-301F-11D3-BF4B-00C04F79EFBC}") = "Bunnypro.GeneticAlgorithm.Abstractions", "src\Abstractions\Bunnypro.GeneticAlgorithm.Abstractions.csproj", "{E56C938A-50D7-48B0-BC40-658C7B869EE5}"
EndProject
Project("{FAE04EC0-301F-11D3-BF4B-00C04F79EFBC}") = "Bunnypro.GeneticAlgorithm.Test.Utils", "tests\Utils\Bunnypro.GeneticAlgorithm.Test.Utils.csproj", "{87394E76-0CCE-4803-A512-084BC84D35CF}"
EndProject
Project("{FAE04EC0-301F-11D3-BF4B-00C04F79EFBC}") = "Bunnypro.GeneticAlgorithm.Extensions", "src\Extensions\Bunnypro.GeneticAlgorithm.Extensions.csproj", "{1C19BB00-05C7-4632-AF89-2D560280B621}"
EndProject
Project("{FAE04EC0-301F-11D3-BF4B-00C04F79EFBC}") = "Bunnypro.GeneticAlgorithm.Extensions.Test", "tests\Extensions.Test\Bunnypro.GeneticAlgorithm.Extensions.Test.csproj", "{51346C35-0743-4A20-A68A-7B62C58735BB}"
EndProject
Project("{FAE04EC0-301F-11D3-BF4B-00C04F79EFBC}") = "Bunnypro.GeneticAlgorithm.Primitives", "src\Primitives\Bunnypro.GeneticAlgorithm.Primitives.csproj", "{47DCAD7E-6972-4842-95A8-579D96991489}"
EndProject
Project("{FAE04EC0-301F-11D3-BF4B-00C04F79EFBC}") = "Bunnypro.GeneticAlgorithm.MultiObjective", "src\MultiObjective\Bunnypro.GeneticAlgorithm.MultiObjective.csproj", "{C78CD34B-2044-44B7-8B3D-B689B4579266}"
EndProject
Project("{FAE04EC0-301F-11D3-BF4B-00C04F79EFBC}") = "Bunnypro.GeneticAlgorithm.MultiObjective.Test", "tests\MultiObjective.Test\Bunnypro.GeneticAlgorithm.MultiObjective.Test.csproj", "{16F69ABE-CE67-4E30-B209-F7BC99AFFEED}"
EndProject
Global
	GlobalSection(SolutionConfigurationPlatforms) = preSolution
		Debug|Any CPU = Debug|Any CPU
		Debug|x64 = Debug|x64
		Debug|x86 = Debug|x86
		Release|Any CPU = Release|Any CPU
		Release|x64 = Release|x64
		Release|x86 = Release|x86
	EndGlobalSection
	GlobalSection(SolutionProperties) = preSolution
		HideSolutionNode = FALSE
	EndGlobalSection
	GlobalSection(ProjectConfigurationPlatforms) = postSolution
		{A79EED19-4290-49D1-A90A-AA397B3C8A2A}.Debug|Any CPU.ActiveCfg = Debug|Any CPU
		{A79EED19-4290-49D1-A90A-AA397B3C8A2A}.Debug|Any CPU.Build.0 = Debug|Any CPU
		{A79EED19-4290-49D1-A90A-AA397B3C8A2A}.Debug|x64.ActiveCfg = Debug|Any CPU
		{A79EED19-4290-49D1-A90A-AA397B3C8A2A}.Debug|x64.Build.0 = Debug|Any CPU
		{A79EED19-4290-49D1-A90A-AA397B3C8A2A}.Debug|x86.ActiveCfg = Debug|Any CPU
		{A79EED19-4290-49D1-A90A-AA397B3C8A2A}.Debug|x86.Build.0 = Debug|Any CPU
		{A79EED19-4290-49D1-A90A-AA397B3C8A2A}.Release|Any CPU.ActiveCfg = Release|Any CPU
		{A79EED19-4290-49D1-A90A-AA397B3C8A2A}.Release|Any CPU.Build.0 = Release|Any CPU
		{A79EED19-4290-49D1-A90A-AA397B3C8A2A}.Release|x64.ActiveCfg = Release|Any CPU
		{A79EED19-4290-49D1-A90A-AA397B3C8A2A}.Release|x64.Build.0 = Release|Any CPU
		{A79EED19-4290-49D1-A90A-AA397B3C8A2A}.Release|x86.ActiveCfg = Release|Any CPU
		{A79EED19-4290-49D1-A90A-AA397B3C8A2A}.Release|x86.Build.0 = Release|Any CPU
		{53351164-C114-46C6-8C24-A2E3F20062B6}.Debug|Any CPU.ActiveCfg = Debug|Any CPU
		{53351164-C114-46C6-8C24-A2E3F20062B6}.Debug|Any CPU.Build.0 = Debug|Any CPU
		{53351164-C114-46C6-8C24-A2E3F20062B6}.Debug|x64.ActiveCfg = Debug|Any CPU
		{53351164-C114-46C6-8C24-A2E3F20062B6}.Debug|x64.Build.0 = Debug|Any CPU
		{53351164-C114-46C6-8C24-A2E3F20062B6}.Debug|x86.ActiveCfg = Debug|Any CPU
		{53351164-C114-46C6-8C24-A2E3F20062B6}.Debug|x86.Build.0 = Debug|Any CPU
		{53351164-C114-46C6-8C24-A2E3F20062B6}.Release|Any CPU.ActiveCfg = Release|Any CPU
		{53351164-C114-46C6-8C24-A2E3F20062B6}.Release|Any CPU.Build.0 = Release|Any CPU
		{53351164-C114-46C6-8C24-A2E3F20062B6}.Release|x64.ActiveCfg = Release|Any CPU
		{53351164-C114-46C6-8C24-A2E3F20062B6}.Release|x64.Build.0 = Release|Any CPU
		{53351164-C114-46C6-8C24-A2E3F20062B6}.Release|x86.ActiveCfg = Release|Any CPU
		{53351164-C114-46C6-8C24-A2E3F20062B6}.Release|x86.Build.0 = Release|Any CPU
		{E56C938A-50D7-48B0-BC40-658C7B869EE5}.Debug|Any CPU.ActiveCfg = Debug|Any CPU
		{E56C938A-50D7-48B0-BC40-658C7B869EE5}.Debug|Any CPU.Build.0 = Debug|Any CPU
		{E56C938A-50D7-48B0-BC40-658C7B869EE5}.Debug|x64.ActiveCfg = Debug|Any CPU
		{E56C938A-50D7-48B0-BC40-658C7B869EE5}.Debug|x64.Build.0 = Debug|Any CPU
		{E56C938A-50D7-48B0-BC40-658C7B869EE5}.Debug|x86.ActiveCfg = Debug|Any CPU
		{E56C938A-50D7-48B0-BC40-658C7B869EE5}.Debug|x86.Build.0 = Debug|Any CPU
		{E56C938A-50D7-48B0-BC40-658C7B869EE5}.Release|Any CPU.ActiveCfg = Release|Any CPU
		{E56C938A-50D7-48B0-BC40-658C7B869EE5}.Release|Any CPU.Build.0 = Release|Any CPU
		{E56C938A-50D7-48B0-BC40-658C7B869EE5}.Release|x64.ActiveCfg = Release|Any CPU
		{E56C938A-50D7-48B0-BC40-658C7B869EE5}.Release|x64.Build.0 = Release|Any CPU
		{E56C938A-50D7-48B0-BC40-658C7B869EE5}.Release|x86.ActiveCfg = Release|Any CPU
		{E56C938A-50D7-48B0-BC40-658C7B869EE5}.Release|x86.Build.0 = Release|Any CPU
		{87394E76-0CCE-4803-A512-084BC84D35CF}.Debug|Any CPU.ActiveCfg = Debug|Any CPU
		{87394E76-0CCE-4803-A512-084BC84D35CF}.Debug|Any CPU.Build.0 = Debug|Any CPU
		{87394E76-0CCE-4803-A512-084BC84D35CF}.Debug|x64.ActiveCfg = Debug|Any CPU
		{87394E76-0CCE-4803-A512-084BC84D35CF}.Debug|x64.Build.0 = Debug|Any CPU
		{87394E76-0CCE-4803-A512-084BC84D35CF}.Debug|x86.ActiveCfg = Debug|Any CPU
		{87394E76-0CCE-4803-A512-084BC84D35CF}.Debug|x86.Build.0 = Debug|Any CPU
		{87394E76-0CCE-4803-A512-084BC84D35CF}.Release|Any CPU.ActiveCfg = Release|Any CPU
		{87394E76-0CCE-4803-A512-084BC84D35CF}.Release|Any CPU.Build.0 = Release|Any CPU
		{87394E76-0CCE-4803-A512-084BC84D35CF}.Release|x64.ActiveCfg = Release|Any CPU
		{87394E76-0CCE-4803-A512-084BC84D35CF}.Release|x64.Build.0 = Release|Any CPU
		{87394E76-0CCE-4803-A512-084BC84D35CF}.Release|x86.ActiveCfg = Release|Any CPU
		{87394E76-0CCE-4803-A512-084BC84D35CF}.Release|x86.Build.0 = Release|Any CPU
		{1C19BB00-05C7-4632-AF89-2D560280B621}.Debug|Any CPU.ActiveCfg = Debug|Any CPU
		{1C19BB00-05C7-4632-AF89-2D560280B621}.Debug|Any CPU.Build.0 = Debug|Any CPU
		{1C19BB00-05C7-4632-AF89-2D560280B621}.Debug|x64.ActiveCfg = Debug|Any CPU
		{1C19BB00-05C7-4632-AF89-2D560280B621}.Debug|x64.Build.0 = Debug|Any CPU
		{1C19BB00-05C7-4632-AF89-2D560280B621}.Debug|x86.ActiveCfg = Debug|Any CPU
		{1C19BB00-05C7-4632-AF89-2D560280B621}.Debug|x86.Build.0 = Debug|Any CPU
		{1C19BB00-05C7-4632-AF89-2D560280B621}.Release|Any CPU.ActiveCfg = Release|Any CPU
		{1C19BB00-05C7-4632-AF89-2D560280B621}.Release|Any CPU.Build.0 = Release|Any CPU
		{1C19BB00-05C7-4632-AF89-2D560280B621}.Release|x64.ActiveCfg = Release|Any CPU
		{1C19BB00-05C7-4632-AF89-2D560280B621}.Release|x64.Build.0 = Release|Any CPU
		{1C19BB00-05C7-4632-AF89-2D560280B621}.Release|x86.ActiveCfg = Release|Any CPU
		{1C19BB00-05C7-4632-AF89-2D560280B621}.Release|x86.Build.0 = Release|Any CPU
		{51346C35-0743-4A20-A68A-7B62C58735BB}.Debug|Any CPU.ActiveCfg = Debug|Any CPU
		{51346C35-0743-4A20-A68A-7B62C58735BB}.Debug|Any CPU.Build.0 = Debug|Any CPU
		{51346C35-0743-4A20-A68A-7B62C58735BB}.Debug|x64.ActiveCfg = Debug|Any CPU
		{51346C35-0743-4A20-A68A-7B62C58735BB}.Debug|x64.Build.0 = Debug|Any CPU
		{51346C35-0743-4A20-A68A-7B62C58735BB}.Debug|x86.ActiveCfg = Debug|Any CPU
		{51346C35-0743-4A20-A68A-7B62C58735BB}.Debug|x86.Build.0 = Debug|Any CPU
		{51346C35-0743-4A20-A68A-7B62C58735BB}.Release|Any CPU.ActiveCfg = Release|Any CPU
		{51346C35-0743-4A20-A68A-7B62C58735BB}.Release|Any CPU.Build.0 = Release|Any CPU
		{51346C35-0743-4A20-A68A-7B62C58735BB}.Release|x64.ActiveCfg = Release|Any CPU
		{51346C35-0743-4A20-A68A-7B62C58735BB}.Release|x64.Build.0 = Release|Any CPU
		{51346C35-0743-4A20-A68A-7B62C58735BB}.Release|x86.ActiveCfg = Release|Any CPU
		{51346C35-0743-4A20-A68A-7B62C58735BB}.Release|x86.Build.0 = Release|Any CPU
		{47DCAD7E-6972-4842-95A8-579D96991489}.Debug|Any CPU.ActiveCfg = Debug|Any CPU
		{47DCAD7E-6972-4842-95A8-579D96991489}.Debug|Any CPU.Build.0 = Debug|Any CPU
		{47DCAD7E-6972-4842-95A8-579D96991489}.Debug|x64.ActiveCfg = Debug|Any CPU
		{47DCAD7E-6972-4842-95A8-579D96991489}.Debug|x64.Build.0 = Debug|Any CPU
		{47DCAD7E-6972-4842-95A8-579D96991489}.Debug|x86.ActiveCfg = Debug|Any CPU
		{47DCAD7E-6972-4842-95A8-579D96991489}.Debug|x86.Build.0 = Debug|Any CPU
		{47DCAD7E-6972-4842-95A8-579D96991489}.Release|Any CPU.ActiveCfg = Release|Any CPU
		{47DCAD7E-6972-4842-95A8-579D96991489}.Release|Any CPU.Build.0 = Release|Any CPU
		{47DCAD7E-6972-4842-95A8-579D96991489}.Release|x64.ActiveCfg = Release|Any CPU
		{47DCAD7E-6972-4842-95A8-579D96991489}.Release|x64.Build.0 = Release|Any CPU
		{47DCAD7E-6972-4842-95A8-579D96991489}.Release|x86.ActiveCfg = Release|Any CPU
		{47DCAD7E-6972-4842-95A8-579D96991489}.Release|x86.Build.0 = Release|Any CPU
		{C78CD34B-2044-44B7-8B3D-B689B4579266}.Debug|Any CPU.ActiveCfg = Debug|Any CPU
		{C78CD34B-2044-44B7-8B3D-B689B4579266}.Debug|Any CPU.Build.0 = Debug|Any CPU
		{C78CD34B-2044-44B7-8B3D-B689B4579266}.Debug|x64.ActiveCfg = Debug|Any CPU
		{C78CD34B-2044-44B7-8B3D-B689B4579266}.Debug|x64.Build.0 = Debug|Any CPU
		{C78CD34B-2044-44B7-8B3D-B689B4579266}.Debug|x86.ActiveCfg = Debug|Any CPU
		{C78CD34B-2044-44B7-8B3D-B689B4579266}.Debug|x86.Build.0 = Debug|Any CPU
		{C78CD34B-2044-44B7-8B3D-B689B4579266}.Release|Any CPU.ActiveCfg = Release|Any CPU
		{C78CD34B-2044-44B7-8B3D-B689B4579266}.Release|Any CPU.Build.0 = Release|Any CPU
		{C78CD34B-2044-44B7-8B3D-B689B4579266}.Release|x64.ActiveCfg = Release|Any CPU
		{C78CD34B-2044-44B7-8B3D-B689B4579266}.Release|x64.Build.0 = Release|Any CPU
		{C78CD34B-2044-44B7-8B3D-B689B4579266}.Release|x86.ActiveCfg = Release|Any CPU
		{C78CD34B-2044-44B7-8B3D-B689B4579266}.Release|x86.Build.0 = Release|Any CPU
		{16F69ABE-CE67-4E30-B209-F7BC99AFFEED}.Debug|Any CPU.ActiveCfg = Debug|Any CPU
		{16F69ABE-CE67-4E30-B209-F7BC99AFFEED}.Debug|Any CPU.Build.0 = Debug|Any CPU
		{16F69ABE-CE67-4E30-B209-F7BC99AFFEED}.Debug|x64.ActiveCfg = Debug|Any CPU
		{16F69ABE-CE67-4E30-B209-F7BC99AFFEED}.Debug|x64.Build.0 = Debug|Any CPU
		{16F69ABE-CE67-4E30-B209-F7BC99AFFEED}.Debug|x86.ActiveCfg = Debug|Any CPU
		{16F69ABE-CE67-4E30-B209-F7BC99AFFEED}.Debug|x86.Build.0 = Debug|Any CPU
		{16F69ABE-CE67-4E30-B209-F7BC99AFFEED}.Release|Any CPU.ActiveCfg = Release|Any CPU
		{16F69ABE-CE67-4E30-B209-F7BC99AFFEED}.Release|Any CPU.Build.0 = Release|Any CPU
		{16F69ABE-CE67-4E30-B209-F7BC99AFFEED}.Release|x64.ActiveCfg = Release|Any CPU
		{16F69ABE-CE67-4E30-B209-F7BC99AFFEED}.Release|x64.Build.0 = Release|Any CPU
		{16F69ABE-CE67-4E30-B209-F7BC99AFFEED}.Release|x86.ActiveCfg = Release|Any CPU
		{16F69ABE-CE67-4E30-B209-F7BC99AFFEED}.Release|x86.Build.0 = Release|Any CPU
	EndGlobalSection
	GlobalSection(NestedProjects) = preSolution
		{A79EED19-4290-49D1-A90A-AA397B3C8A2A} = {C53C800D-EBCB-4DCC-B84E-AA206FC5E930}
		{53351164-C114-46C6-8C24-A2E3F20062B6} = {CA9A30C4-0141-4953-B794-53761C7EF6B1}
		{E56C938A-50D7-48B0-BC40-658C7B869EE5} = {C53C800D-EBCB-4DCC-B84E-AA206FC5E930}
		{87394E76-0CCE-4803-A512-084BC84D35CF} = {CA9A30C4-0141-4953-B794-53761C7EF6B1}
		{1C19BB00-05C7-4632-AF89-2D560280B621} = {C53C800D-EBCB-4DCC-B84E-AA206FC5E930}
		{51346C35-0743-4A20-A68A-7B62C58735BB} = {CA9A30C4-0141-4953-B794-53761C7EF6B1}
		{47DCAD7E-6972-4842-95A8-579D96991489} = {C53C800D-EBCB-4DCC-B84E-AA206FC5E930}
		{C78CD34B-2044-44B7-8B3D-B689B4579266} = {C53C800D-EBCB-4DCC-B84E-AA206FC5E930}
		{16F69ABE-CE67-4E30-B209-F7BC99AFFEED} = {CA9A30C4-0141-4953-B794-53761C7EF6B1}
	EndGlobalSection
EndGlobal
